
Microsoft Visual Studio Solution File, Format Version 12.00
# Visual Studio Version 16
VisualStudioVersion = 16.0.30523.141
MinimumVisualStudioVersion = 10.0.40219.1
Project("{FAE04EC0-301F-11D3-BF4B-00C04F79EFBC}") = "Sort_Search", "Sort_Search\Sort_Search.csproj", "{EC2A237A-49C3-48DB-8232-4F91918B0E3D}"
EndProject
Global
	GlobalSection(SolutionConfigurationPlatforms) = preSolution
		Debug|Any CPU = Debug|Any CPU
		Release|Any CPU = Release|Any CPU
	EndGlobalSection
	GlobalSection(ProjectConfigurationPlatforms) = postSolution
		{EC2A237A-49C3-48DB-8232-4F91918B0E3D}.Debug|Any CPU.ActiveCfg = Debug|Any CPU
		{EC2A237A-49C3-48DB-8232-4F91918B0E3D}.Debug|Any CPU.Build.0 = Debug|Any CPU
		{EC2A237A-49C3-48DB-8232-4F91918B0E3D}.Release|Any CPU.ActiveCfg = Release|Any CPU
		{EC2A237A-49C3-48DB-8232-4F91918B0E3D}.Release|Any CPU.Build.0 = Release|Any CPU
	EndGlobalSection
	GlobalSection(SolutionProperties) = preSolution
		HideSolutionNode = FALSE
	EndGlobalSection
	GlobalSection(ExtensibilityGlobals) = postSolution
		SolutionGuid = {BF8FB35B-34CD-40A0-BA09-D38463EE3204}
	EndGlobalSection
EndGlobal
